
Microsoft Visual Studio Solution File, Format Version 12.00
# Visual Studio Version 17
VisualStudioVersion = 17.10.34928.147
MinimumVisualStudioVersion = 10.0.40219.1
Project("{FAE04EC0-301F-11D3-BF4B-00C04F79EFBC}") = "Muziek-Game", "Muziek-Game\Muziek-Game.csproj", "{A5C94172-DC4F-4318-A84A-302FA691E47E}"
EndProject
Global
	GlobalSection(SolutionConfigurationPlatforms) = preSolution
		Debug|Any CPU = Debug|Any CPU
		Release|Any CPU = Release|Any CPU
	EndGlobalSection
	GlobalSection(ProjectConfigurationPlatforms) = postSolution
		{A5C94172-DC4F-4318-A84A-302FA691E47E}.Debug|Any CPU.ActiveCfg = Debug|Any CPU
		{A5C94172-DC4F-4318-A84A-302FA691E47E}.Debug|Any CPU.Build.0 = Debug|Any CPU
		{A5C94172-DC4F-4318-A84A-302FA691E47E}.Release|Any CPU.ActiveCfg = Release|Any CPU
		{A5C94172-DC4F-4318-A84A-302FA691E47E}.Release|Any CPU.Build.0 = Release|Any CPU
	EndGlobalSection
	GlobalSection(SolutionProperties) = preSolution
		HideSolutionNode = FALSE
	EndGlobalSection
	GlobalSection(ExtensibilityGlobals) = postSolution
		SolutionGuid = {181E9E1B-2540-4B23-A900-8B44A296A204}
	EndGlobalSection
EndGlobal
